
Microsoft Visual Studio Solution File, Format Version 12.00
# Visual Studio 15
VisualStudioVersion = 15.0.28307.645
MinimumVisualStudioVersion = 10.0.40219.1
Project("{FAE04EC0-301F-11D3-BF4B-00C04F79EFBC}") = "Rahul", "Rahul\Rahul.csproj", "{C007AF6F-AE46-4A99-A582-4D819613CE5A}"
EndProject
Global
	GlobalSection(SolutionConfigurationPlatforms) = preSolution
		Debug|Any CPU = Debug|Any CPU
		Release|Any CPU = Release|Any CPU
	EndGlobalSection
	GlobalSection(ProjectConfigurationPlatforms) = postSolution
		{C007AF6F-AE46-4A99-A582-4D819613CE5A}.Debug|Any CPU.ActiveCfg = Debug|Any CPU
		{C007AF6F-AE46-4A99-A582-4D819613CE5A}.Debug|Any CPU.Build.0 = Debug|Any CPU
		{C007AF6F-AE46-4A99-A582-4D819613CE5A}.Release|Any CPU.ActiveCfg = Release|Any CPU
		{C007AF6F-AE46-4A99-A582-4D819613CE5A}.Release|Any CPU.Build.0 = Release|Any CPU
	EndGlobalSection
	GlobalSection(SolutionProperties) = preSolution
		HideSolutionNode = FALSE
	EndGlobalSection
	GlobalSection(ExtensibilityGlobals) = postSolution
		SolutionGuid = {FD707CE9-5307-443E-A006-CAE083B2594F}
	EndGlobalSection
EndGlobal
